
Microsoft Visual Studio Solution File, Format Version 12.00
# Visual Studio Version 16
VisualStudioVersion = 16.0.31702.278
MinimumVisualStudioVersion = 10.0.40219.1
Project("{FAE04EC0-301F-11D3-BF4B-00C04F79EFBC}") = "Doviz_Ofisi", "Doviz_Ofisi\Doviz_Ofisi.csproj", "{3DFC54F9-DDCB-4D55-8990-893990282013}"
EndProject
Global
	GlobalSection(SolutionConfigurationPlatforms) = preSolution
		Debug|Any CPU = Debug|Any CPU
		Release|Any CPU = Release|Any CPU
	EndGlobalSection
	GlobalSection(ProjectConfigurationPlatforms) = postSolution
		{3DFC54F9-DDCB-4D55-8990-893990282013}.Debug|Any CPU.ActiveCfg = Debug|Any CPU
		{3DFC54F9-DDCB-4D55-8990-893990282013}.Debug|Any CPU.Build.0 = Debug|Any CPU
		{3DFC54F9-DDCB-4D55-8990-893990282013}.Release|Any CPU.ActiveCfg = Release|Any CPU
		{3DFC54F9-DDCB-4D55-8990-893990282013}.Release|Any CPU.Build.0 = Release|Any CPU
	EndGlobalSection
	GlobalSection(SolutionProperties) = preSolution
		HideSolutionNode = FALSE
	EndGlobalSection
	GlobalSection(ExtensibilityGlobals) = postSolution
		SolutionGuid = {C50B627A-C71C-4D1D-8FA5-DB6679117F66}
	EndGlobalSection
EndGlobal
